// !$*UTF8*$!
{
	archiveVersion = 1;
	classes = {
	};
	objectVersion = 51;
	objects = {

/* Begin PBXBuildFile section */
		2368647024E8192300E413E6 /* GoogleService-Info.plist in Resources */ = {isa = PBXBuildFile; fileRef = 2368646F24E8192300E413E6 /* GoogleService-Info.plist */; };
		2368647324E82E4100E413E6 /* AddViewController.swift in Sources */ = {isa = PBXBuildFile; fileRef = 2368647224E82E4100E413E6 /* AddViewController.swift */; };
		23738F0B24A8FB96001725D5 /* AppDelegate.swift in Sources */ = {isa = PBXBuildFile; fileRef = 23738F0A24A8FB96001725D5 /* AppDelegate.swift */; };
		23738F0D24A8FB96001725D5 /* SceneDelegate.swift in Sources */ = {isa = PBXBuildFile; fileRef = 23738F0C24A8FB96001725D5 /* SceneDelegate.swift */; };
		23738F1224A8FB96001725D5 /* Main.storyboard in Resources */ = {isa = PBXBuildFile; fileRef = 23738F1024A8FB96001725D5 /* Main.storyboard */; };
		23738F1424A8FB9C001725D5 /* Assets.xcassets in Resources */ = {isa = PBXBuildFile; fileRef = 23738F1324A8FB9C001725D5 /* Assets.xcassets */; };
		23738F1724A8FB9C001725D5 /* LaunchScreen.storyboard in Resources */ = {isa = PBXBuildFile; fileRef = 23738F1524A8FB9C001725D5 /* LaunchScreen.storyboard */; };
		23738F2124A9AE8A001725D5 /* MainDataManager.swift in Sources */ = {isa = PBXBuildFile; fileRef = 23738F2024A9AE8A001725D5 /* MainDataManager.swift */; };
		23738F2324A9B0FD001725D5 /* HomeViewController.swift in Sources */ = {isa = PBXBuildFile; fileRef = 23738F2224A9B0FD001725D5 /* HomeViewController.swift */; };
		23738F2624AA2F87001725D5 /* APIDataManager.swift in Sources */ = {isa = PBXBuildFile; fileRef = 23738F2524AA2F87001725D5 /* APIDataManager.swift */; };
		23D3E10924EB1D2100696C84 /* TableViewCell.swift in Sources */ = {isa = PBXBuildFile; fileRef = 23D3E10724EB1D2100696C84 /* TableViewCell.swift */; };
		23D3E10D24EB65B200696C84 /* MusicPlayer.swift in Sources */ = {isa = PBXBuildFile; fileRef = 23D3E10C24EB65B200696C84 /* MusicPlayer.swift */; };
		D94B169EF9C2E581E070703E /* Pods_smartDict.framework in Frameworks */ = {isa = PBXBuildFile; fileRef = 1B5E3E05B0BFDE798A0F7344 /* Pods_smartDict.framework */; };
/* End PBXBuildFile section */

/* Begin PBXFileReference section */
		1B5E3E05B0BFDE798A0F7344 /* Pods_smartDict.framework */ = {isa = PBXFileReference; explicitFileType = wrapper.framework; includeInIndex = 0; path = Pods_smartDict.framework; sourceTree = BUILT_PRODUCTS_DIR; };
		2368646F24E8192300E413E6 /* GoogleService-Info.plist */ = {isa = PBXFileReference; fileEncoding = 4; lastKnownFileType = text.plist.xml; path = "GoogleService-Info.plist"; sourceTree = "<group>"; };
		2368647224E82E4100E413E6 /* AddViewController.swift */ = {isa = PBXFileReference; lastKnownFileType = sourcecode.swift; path = AddViewController.swift; sourceTree = "<group>"; };
		23738F0724A8FB96001725D5 /* smartDict.app */ = {isa = PBXFileReference; explicitFileType = wrapper.application; includeInIndex = 0; path = smartDict.app; sourceTree = BUILT_PRODUCTS_DIR; };
		23738F0A24A8FB96001725D5 /* AppDelegate.swift */ = {isa = PBXFileReference; lastKnownFileType = sourcecode.swift; path = AppDelegate.swift; sourceTree = "<group>"; };
		23738F0C24A8FB96001725D5 /* SceneDelegate.swift */ = {isa = PBXFileReference; lastKnownFileType = sourcecode.swift; path = SceneDelegate.swift; sourceTree = "<group>"; };
		23738F1124A8FB96001725D5 /* Base */ = {isa = PBXFileReference; lastKnownFileType = file.storyboard; name = Base; path = Base.lproj/Main.storyboard; sourceTree = "<group>"; };
		23738F1324A8FB9C001725D5 /* Assets.xcassets */ = {isa = PBXFileReference; lastKnownFileType = folder.assetcatalog; path = Assets.xcassets; sourceTree = "<group>"; };
		23738F1624A8FB9C001725D5 /* Base */ = {isa = PBXFileReference; lastKnownFileType = file.storyboard; name = Base; path = Base.lproj/LaunchScreen.storyboard; sourceTree = "<group>"; };
		23738F1824A8FB9C001725D5 /* Info.plist */ = {isa = PBXFileReference; lastKnownFileType = text.plist.xml; path = Info.plist; sourceTree = "<group>"; };
		23738F2024A9AE8A001725D5 /* MainDataManager.swift */ = {isa = PBXFileReference; lastKnownFileType = sourcecode.swift; path = MainDataManager.swift; sourceTree = "<group>"; };
		23738F2224A9B0FD001725D5 /* HomeViewController.swift */ = {isa = PBXFileReference; lastKnownFileType = sourcecode.swift; path = HomeViewController.swift; sourceTree = "<group>"; };
		23738F2524AA2F87001725D5 /* APIDataManager.swift */ = {isa = PBXFileReference; lastKnownFileType = sourcecode.swift; path = APIDataManager.swift; sourceTree = "<group>"; };
		23D3E10724EB1D2100696C84 /* TableViewCell.swift */ = {isa = PBXFileReference; lastKnownFileType = sourcecode.swift; path = TableViewCell.swift; sourceTree = "<group>"; };
		23D3E10C24EB65B200696C84 /* MusicPlayer.swift */ = {isa = PBXFileReference; lastKnownFileType = sourcecode.swift; path = MusicPlayer.swift; sourceTree = "<group>"; };
		2643331D393267B49F4CA396 /* Pods-smartDict.debug.xcconfig */ = {isa = PBXFileReference; includeInIndex = 1; lastKnownFileType = text.xcconfig; name = "Pods-smartDict.debug.xcconfig"; path = "Target Support Files/Pods-smartDict/Pods-smartDict.debug.xcconfig"; sourceTree = "<group>"; };
		EB248DBEF103DECBA1CB3E2C /* Pods-smartDict.release.xcconfig */ = {isa = PBXFileReference; includeInIndex = 1; lastKnownFileType = text.xcconfig; name = "Pods-smartDict.release.xcconfig"; path = "Target Support Files/Pods-smartDict/Pods-smartDict.release.xcconfig"; sourceTree = "<group>"; };
/* End PBXFileReference section */

/* Begin PBXFrameworksBuildPhase section */
		23738F0424A8FB96001725D5 /* Frameworks */ = {
			isa = PBXFrameworksBuildPhase;
			buildActionMask = 2147483647;
			files = (
				D94B169EF9C2E581E070703E /* Pods_smartDict.framework in Frameworks */,
			);
			runOnlyForDeploymentPostprocessing = 0;
		};
/* End PBXFrameworksBuildPhase section */

/* Begin PBXGroup section */
		218A85663386CDDFCCE0646E /* Frameworks */ = {
			isa = PBXGroup;
			children = (
				1B5E3E05B0BFDE798A0F7344 /* Pods_smartDict.framework */,
			);
			name = Frameworks;
			sourceTree = "<group>";
		};
		2368647124E82DC400E413E6 /* Add */ = {
			isa = PBXGroup;
			children = (
				2368647224E82E4100E413E6 /* AddViewController.swift */,
			);
			path = Add;
			sourceTree = "<group>";
		};
		23738EFE24A8FB96001725D5 = {
			isa = PBXGroup;
			children = (
				23738F0924A8FB96001725D5 /* smartDict */,
				23738F0824A8FB96001725D5 /* Products */,
				31DE609DC86297E68D3E748D /* Pods */,
				218A85663386CDDFCCE0646E /* Frameworks */,
			);
			sourceTree = "<group>";
		};
		23738F0824A8FB96001725D5 /* Products */ = {
			isa = PBXGroup;
			children = (
				23738F0724A8FB96001725D5 /* smartDict.app */,
			);
			name = Products;
			sourceTree = "<group>";
		};
		23738F0924A8FB96001725D5 /* smartDict */ = {
			isa = PBXGroup;
			children = (
				23D3E10B24EB658E00696C84 /* Sound */,
				2368647124E82DC400E413E6 /* Add */,
				23738F1E24A9AE34001725D5 /* Home */,
				23738F0A24A8FB96001725D5 /* AppDelegate.swift */,
				23738F0C24A8FB96001725D5 /* SceneDelegate.swift */,
				23738F1024A8FB96001725D5 /* Main.storyboard */,
				23738F1324A8FB9C001725D5 /* Assets.xcassets */,
				2368646F24E8192300E413E6 /* GoogleService-Info.plist */,
				23738F1524A8FB9C001725D5 /* LaunchScreen.storyboard */,
				23738F1824A8FB9C001725D5 /* Info.plist */,
			);
			path = smartDict;
			sourceTree = "<group>";
		};
		23738F1E24A9AE34001725D5 /* Home */ = {
			isa = PBXGroup;
			children = (
				23738F2424AA2F6D001725D5 /* API */,
				23738F1F24A9AE66001725D5 /* Model */,
				23738F2224A9B0FD001725D5 /* HomeViewController.swift */,
				23D3E10724EB1D2100696C84 /* TableViewCell.swift */,
			);
			path = Home;
			sourceTree = "<group>";
		};
		23738F1F24A9AE66001725D5 /* Model */ = {
			isa = PBXGroup;
			children = (
				23738F2024A9AE8A001725D5 /* MainDataManager.swift */,
			);
			path = Model;
			sourceTree = "<group>";
		};
		23738F2424AA2F6D001725D5 /* API */ = {
			isa = PBXGroup;
			children = (
				23738F2524AA2F87001725D5 /* APIDataManager.swift */,
			);
			path = API;
			sourceTree = "<group>";
		};
		23D3E10B24EB658E00696C84 /* Sound */ = {
			isa = PBXGroup;
			children = (
				23D3E10C24EB65B200696C84 /* MusicPlayer.swift */,
			);
			path = Sound;
			sourceTree = "<group>";
		};
		31DE609DC86297E68D3E748D /* Pods */ = {
			isa = PBXGroup;
			children = (
				2643331D393267B49F4CA396 /* Pods-smartDict.debug.xcconfig */,
				EB248DBEF103DECBA1CB3E2C /* Pods-smartDict.release.xcconfig */,
			);
			path = Pods;
			sourceTree = "<group>";
		};
/* End PBXGroup section */

/* Begin PBXNativeTarget section */
		23738F0624A8FB96001725D5 /* smartDict */ = {
			isa = PBXNativeTarget;
			buildConfigurationList = 23738F1B24A8FB9C001725D5 /* Build configuration list for PBXNativeTarget "smartDict" */;
			buildPhases = (
				8FB7C65B0E86A0A614F2FF23 /* [CP] Check Pods Manifest.lock */,
				23738F0324A8FB96001725D5 /* Sources */,
				23738F0424A8FB96001725D5 /* Frameworks */,
				23738F0524A8FB96001725D5 /* Resources */,
				33D9E4474A7B1A6457A5AC27 /* [CP] Embed Pods Frameworks */,
			);
			buildRules = (
			);
			dependencies = (
			);
			name = smartDict;
			productName = smartDict;
			productReference = 23738F0724A8FB96001725D5 /* smartDict.app */;
			productType = "com.apple.product-type.application";
		};
/* End PBXNativeTarget section */

/* Begin PBXProject section */
		23738EFF24A8FB96001725D5 /* Project object */ = {
			isa = PBXProject;
			attributes = {
				LastSwiftUpdateCheck = 1150;
				LastUpgradeCheck = 1150;
				ORGANIZATIONNAME = "Nathan Tuala";
				TargetAttributes = {
					23738F0624A8FB96001725D5 = {
						CreatedOnToolsVersion = 11.5;
					};
				};
			};
			buildConfigurationList = 23738F0224A8FB96001725D5 /* Build configuration list for PBXProject "smartDict" */;
			compatibilityVersion = "Xcode 9.3";
			developmentRegion = en;
			hasScannedForEncodings = 0;
			knownRegions = (
				en,
				Base,
			);
			mainGroup = 23738EFE24A8FB96001725D5;
			productRefGroup = 23738F0824A8FB96001725D5 /* Products */;
			projectDirPath = "";
			projectRoot = "";
			targets = (
				23738F0624A8FB96001725D5 /* smartDict */,
			);
		};
/* End PBXProject section */

/* Begin PBXResourcesBuildPhase section */
		23738F0524A8FB96001725D5 /* Resources */ = {
			isa = PBXResourcesBuildPhase;
			buildActionMask = 2147483647;
			files = (
				23738F1724A8FB9C001725D5 /* LaunchScreen.storyboard in Resources */,
				2368647024E8192300E413E6 /* GoogleService-Info.plist in Resources */,
				23738F1424A8FB9C001725D5 /* Assets.xcassets in Resources */,
				23738F1224A8FB96001725D5 /* Main.storyboard in Resources */,
			);
			runOnlyForDeploymentPostprocessing = 0;
		};
/* End PBXResourcesBuildPhase section */

/* Begin PBXShellScriptBuildPhase section */
		33D9E4474A7B1A6457A5AC27 /* [CP] Embed Pods Frameworks */ = {
			isa = PBXShellScriptBuildPhase;
			buildActionMask = 2147483647;
			files = (
			);
			inputFileListPaths = (
				"${PODS_ROOT}/Target Support Files/Pods-smartDict/Pods-smartDict-frameworks-${CONFIGURATION}-input-files.xcfilelist",
			);
			name = "[CP] Embed Pods Frameworks";
			outputFileListPaths = (
				"${PODS_ROOT}/Target Support Files/Pods-smartDict/Pods-smartDict-frameworks-${CONFIGURATION}-output-files.xcfilelist",
			);
			runOnlyForDeploymentPostprocessing = 0;
			shellPath = /bin/sh;
			shellScript = "\"${PODS_ROOT}/Target Support Files/Pods-smartDict/Pods-smartDict-frameworks.sh\"\n";
			showEnvVarsInLog = 0;
		};
		8FB7C65B0E86A0A614F2FF23 /* [CP] Check Pods Manifest.lock */ = {
			isa = PBXShellScriptBuildPhase;
			buildActionMask = 2147483647;
			files = (
			);
			inputFileListPaths = (
			);
			inputPaths = (
				"${PODS_PODFILE_DIR_PATH}/Podfile.lock",
				"${PODS_ROOT}/Manifest.lock",
			);
			name = "[CP] Check Pods Manifest.lock";
			outputFileListPaths = (
			);
			outputPaths = (
				"$(DERIVED_FILE_DIR)/Pods-smartDict-checkManifestLockResult.txt",
			);
			runOnlyForDeploymentPostprocessing = 0;
			shellPath = /bin/sh;
			shellScript = "diff \"${PODS_PODFILE_DIR_PATH}/Podfile.lock\" \"${PODS_ROOT}/Manifest.lock\" > /dev/null\nif [ $? != 0 ] ; then\n    # print error to STDERR\n    echo \"error: The sandbox is not in sync with the Podfile.lock. Run 'pod install' or update your CocoaPods installation.\" >&2\n    exit 1\nfi\n# This output is used by Xcode 'outputs' to avoid re-running this script phase.\necho \"SUCCESS\" > \"${SCRIPT_OUTPUT_FILE_0}\"\n";
			showEnvVarsInLog = 0;
		};
/* End PBXShellScriptBuildPhase section */

/* Begin PBXSourcesBuildPhase section */
		23738F0324A8FB96001725D5 /* Sources */ = {
			isa = PBXSourcesBuildPhase;
			buildActionMask = 2147483647;
			files = (
				23738F2324A9B0FD001725D5 /* HomeViewController.swift in Sources */,
				23738F2624AA2F87001725D5 /* APIDataManager.swift in Sources */,
				23D3E10D24EB65B200696C84 /* MusicPlayer.swift in Sources */,
				2368647324E82E4100E413E6 /* AddViewController.swift in Sources */,
				23738F0B24A8FB96001725D5 /* AppDelegate.swift in Sources */,
				23738F2124A9AE8A001725D5 /* MainDataManager.swift in Sources */,
				23D3E10924EB1D2100696C84 /* TableViewCell.swift in Sources */,
				23738F0D24A8FB96001725D5 /* SceneDelegate.swift in Sources */,
			);
			runOnlyForDeploymentPostprocessing = 0;
		};
/* End PBXSourcesBuildPhase section */

/* Begin PBXVariantGroup section */
		23738F1024A8FB96001725D5 /* Main.storyboard */ = {
			isa = PBXVariantGroup;
			children = (
				23738F1124A8FB96001725D5 /* Base */,
			);
			name = Main.storyboard;
			sourceTree = "<group>";
		};
		23738F1524A8FB9C001725D5 /* LaunchScreen.storyboard */ = {
			isa = PBXVariantGroup;
			children = (
				23738F1624A8FB9C001725D5 /* Base */,
			);
			name = LaunchScreen.storyboard;
			sourceTree = "<group>";
		};
/* End PBXVariantGroup section */

/* Begin XCBuildConfiguration section */
		23738F1924A8FB9C001725D5 /* Debug */ = {
			isa = XCBuildConfiguration;
			buildSettings = {
				ALWAYS_SEARCH_USER_PATHS = NO;
				CLANG_ANALYZER_NONNULL = YES;
				CLANG_ANALYZER_NUMBER_OBJECT_CONVERSION = YES_AGGRESSIVE;
				CLANG_CXX_LANGUAGE_STANDARD = "gnu++14";
				CLANG_CXX_LIBRARY = "libc++";
				CLANG_ENABLE_MODULES = YES;
				CLANG_ENABLE_OBJC_ARC = YES;
				CLANG_ENABLE_OBJC_WEAK = YES;
				CLANG_WARN_BLOCK_CAPTURE_AUTORELEASING = YES;
				CLANG_WARN_BOOL_CONVERSION = YES;
				CLANG_WARN_COMMA = YES;
				CLANG_WARN_CONSTANT_CONVERSION = YES;
				CLANG_WARN_DEPRECATED_OBJC_IMPLEMENTATIONS = YES;
				CLANG_WARN_DIRECT_OBJC_ISA_USAGE = YES_ERROR;
				CLANG_WARN_DOCUMENTATION_COMMENTS = YES;
				CLANG_WARN_EMPTY_BODY = YES;
				CLANG_WARN_ENUM_CONVERSION = YES;
				CLANG_WARN_INFINITE_RECURSION = YES;
				CLANG_WARN_INT_CONVERSION = YES;
				CLANG_WARN_NON_LITERAL_NULL_CONVERSION = YES;
				CLANG_WARN_OBJC_IMPLICIT_RETAIN_SELF = YES;
				CLANG_WARN_OBJC_LITERAL_CONVERSION = YES;
				CLANG_WARN_OBJC_ROOT_CLASS = YES_ERROR;
				CLANG_WARN_RANGE_LOOP_ANALYSIS = YES;
				CLANG_WARN_STRICT_PROTOTYPES = YES;
				CLANG_WARN_SUSPICIOUS_MOVE = YES;
				CLANG_WARN_UNGUARDED_AVAILABILITY = YES_AGGRESSIVE;
				CLANG_WARN_UNREACHABLE_CODE = YES;
				CLANG_WARN__DUPLICATE_METHOD_MATCH = YES;
				COPY_PHASE_STRIP = NO;
				DEBUG_INFORMATION_FORMAT = dwarf;
				ENABLE_STRICT_OBJC_MSGSEND = YES;
				ENABLE_TESTABILITY = YES;
				GCC_C_LANGUAGE_STANDARD = gnu11;
				GCC_DYNAMIC_NO_PIC = NO;
				GCC_NO_COMMON_BLOCKS = YES;
				GCC_OPTIMIZATION_LEVEL = 0;
				GCC_PREPROCESSOR_DEFINITIONS = (
					"DEBUG=1",
					"$(inherited)",
				);
				GCC_WARN_64_TO_32_BIT_CONVERSION = YES;
				GCC_WARN_ABOUT_RETURN_TYPE = YES_ERROR;
				GCC_WARN_UNDECLARED_SELECTOR = YES;
				GCC_WARN_UNINITIALIZED_AUTOS = YES_AGGRESSIVE;
				GCC_WARN_UNUSED_FUNCTION = YES;
				GCC_WARN_UNUSED_VARIABLE = YES;
				IPHONEOS_DEPLOYMENT_TARGET = 13.5;
				MTL_ENABLE_DEBUG_INFO = INCLUDE_SOURCE;
				MTL_FAST_MATH = YES;
				ONLY_ACTIVE_ARCH = YES;
				SDKROOT = iphoneos;
				SWIFT_ACTIVE_COMPILATION_CONDITIONS = DEBUG;
				SWIFT_OPTIMIZATION_LEVEL = "-Onone";
			};
			name = Debug;
		};
		23738F1A24A8FB9C001725D5 /* Release */ = {
			isa = XCBuildConfiguration;
			buildSettings = {
				ALWAYS_SEARCH_USER_PATHS = NO;
				CLANG_ANALYZER_NONNULL = YES;
				CLANG_ANALYZER_NUMBER_OBJECT_CONVERSION = YES_AGGRESSIVE;
				CLANG_CXX_LANGUAGE_STANDARD = "gnu++14";
				CLANG_CXX_LIBRARY = "libc++";
				CLANG_ENABLE_MODULES = YES;
				CLANG_ENABLE_OBJC_ARC = YES;
				CLANG_ENABLE_OBJC_WEAK = YES;
				CLANG_WARN_BLOCK_CAPTURE_AUTORELEASING = YES;
				CLANG_WARN_BOOL_CONVERSION = YES;
				CLANG_WARN_COMMA = YES;
				CLANG_WARN_CONSTANT_CONVERSION = YES;
				CLANG_WARN_DEPRECATED_OBJC_IMPLEMENTATIONS = YES;
				CLANG_WARN_DIRECT_OBJC_ISA_USAGE = YES_ERROR;
				CLANG_WARN_DOCUMENTATION_COMMENTS = YES;
				CLANG_WARN_EMPTY_BODY = YES;
				CLANG_WARN_ENUM_CONVERSION = YES;
				CLANG_WARN_INFINITE_RECURSION = YES;
				CLANG_WARN_INT_CONVERSION = YES;
				CLANG_WARN_NON_LITERAL_NULL_CONVERSION = YES;
				CLANG_WARN_OBJC_IMPLICIT_RETAIN_SELF = YES;
				CLANG_WARN_OBJC_LITERAL_CONVERSION = YES;
				CLANG_WARN_OBJC_ROOT_CLASS = YES_ERROR;
				CLANG_WARN_RANGE_LOOP_ANALYSIS = YES;
				CLANG_WARN_STRICT_PROTOTYPES = YES;
				CLANG_WARN_SUSPICIOUS_MOVE = YES;
				CLANG_WARN_UNGUARDED_AVAILABILITY = YES_AGGRESSIVE;
				CLANG_WARN_UNREACHABLE_CODE = YES;
				CLANG_WARN__DUPLICATE_METHOD_MATCH = YES;
				COPY_PHASE_STRIP = NO;
				DEBUG_INFORMATION_FORMAT = "dwarf-with-dsym";
				ENABLE_NS_ASSERTIONS = NO;
				ENABLE_STRICT_OBJC_MSGSEND = YES;
				GCC_C_LANGUAGE_STANDARD = gnu11;
				GCC_NO_COMMON_BLOCKS = YES;
				GCC_WARN_64_TO_32_BIT_CONVERSION = YES;
				GCC_WARN_ABOUT_RETURN_TYPE = YES_ERROR;
				GCC_WARN_UNDECLARED_SELECTOR = YES;
				GCC_WARN_UNINITIALIZED_AUTOS = YES_AGGRESSIVE;
				GCC_WARN_UNUSED_FUNCTION = YES;
				GCC_WARN_UNUSED_VARIABLE = YES;
				IPHONEOS_DEPLOYMENT_TARGET = 13.5;
				MTL_ENABLE_DEBUG_INFO = NO;
				MTL_FAST_MATH = YES;
				SDKROOT = iphoneos;
				SWIFT_COMPILATION_MODE = wholemodule;
				SWIFT_OPTIMIZATION_LEVEL = "-O";
				VALIDATE_PRODUCT = YES;
			};
			name = Release;
		};
		23738F1C24A8FB9C001725D5 /* Debug */ = {
			isa = XCBuildConfiguration;
			baseConfigurationReference = 2643331D393267B49F4CA396 /* Pods-smartDict.debug.xcconfig */;
			buildSettings = {
				ASSETCATALOG_COMPILER_APPICON_NAME = AppIcon;
				CODE_SIGN_STYLE = Automatic;
				DEVELOPMENT_TEAM = 578F48F783;
				INFOPLIST_FILE = smartDict/Info.plist;
				LD_RUNPATH_SEARCH_PATHS = (
					"$(inherited)",
					"@executable_path/Frameworks",
				);
				PRODUCT_BUNDLE_IDENTIFIER = com.nathantuala.smartDict;
				PRODUCT_NAME = "$(TARGET_NAME)";
				SWIFT_VERSION = 5.0;
				TARGETED_DEVICE_FAMILY = "1,2";
			};
			name = Debug;
		};
		23738F1D24A8FB9C001725D5 /* Release */ = {
			isa = XCBuildConfiguration;
			baseConfigurationReference = EB248DBEF103DECBA1CB3E2C /* Pods-smartDict.release.xcconfig */;
			buildSettings = {
				ASSETCATALOG_COMPILER_APPICON_NAME = AppIcon;
				CODE_SIGN_STYLE = Automatic;
				DEVELOPMENT_TEAM = 578F48F783;
				INFOPLIST_FILE = smartDict/Info.plist;
				LD_RUNPATH_SEARCH_PATHS = (
					"$(inherited)",
					"@executable_path/Frameworks",
				);
				PRODUCT_BUNDLE_IDENTIFIER = com.nathantuala.smartDict;
				PRODUCT_NAME = "$(TARGET_NAME)";
				SWIFT_VERSION = 5.0;
				TARGETED_DEVICE_FAMILY = "1,2";
			};
			name = Release;
		};
/* End XCBuildConfiguration section */

/* Begin XCConfigurationList section */
		23738F0224A8FB96001725D5 /* Build configuration list for PBXProject "smartDict" */ = {
			isa = XCConfigurationList;
			buildConfigurations = (
				23738F1924A8FB9C001725D5 /* Debug */,
				23738F1A24A8FB9C001725D5 /* Release */,
			);
			defaultConfigurationIsVisible = 0;
			defaultConfigurationName = Release;
		};
		23738F1B24A8FB9C001725D5 /* Build configuration list for PBXNativeTarget "smartDict" */ = {
			isa = XCConfigurationList;
			buildConfigurations = (
				23738F1C24A8FB9C001725D5 /* Debug */,
				23738F1D24A8FB9C001725D5 /* Release */,
			);
			defaultConfigurationIsVisible = 0;
			defaultConfigurationName = Release;
		};
/* End XCConfigurationList section */
	};
	rootObject = 23738EFF24A8FB96001725D5 /* Project object */;
}
